{
  "name": "cow-front",
  "version": "1.1.0",
  "lockfileVersion": 3,
  "requires": true,
  "packages": {
    "": {
      "name": "cow-front",
      "version": "1.1.0",
      "hasInstallScript": true,
      "license": "MIT",
      "bin": {
        "cow-front": "localfront.mjs",
        "cowfront": "localfront.mjs",
        "localfront": "localfront.mjs"
      },
      "engines": {
        "node": ">=18"
      }
    }
  }
}
